<?xml version="1.0" encoding="utf-8"?>
<Project ToolsVersion="4.0" xmlns="http://schemas.microsoft.com/developer/msbuild/2003">
  <ItemGroup>
    <Filter Include="Source">
      <UniqueIdentifier>{01873bce-276a-4231-8414-da45da08e150}</UniqueIdentifier>
    </Filter>
    <Filter Include="Shaders">
      <UniqueIdentifier>{b02aed18-0da8-4f99-acfb-2e3460b7c9d8}</UniqueIdentifier>
    </Filter>
    <Filter Include="Media">
      <UniqueIdentifier>{76e62da0-68ad-444a-9411-08345dc95f11}</UniqueIdentifier>
    </Filter>
  </ItemGroup>
  <ItemGroup>
    <ClCompile Include="..\..\Source\Game\Main.cpp">
      <Filter>Source</Filter>
    </ClCompile>
    <ClCompile Include="..\..\Source\Game\Clock.cpp">
      <Filter>Source</Filter>
    </ClCompile>
    <ClCompile Include="..\..\Source\Game\ShaderApp.cpp">
      <Filter>Source</Filter>
    </ClCompile>
  </ItemGroup>
  <ItemGroup>
    <ClInclude Include="..\..\Source\Game\Clock.h">
      <Filter>Source</Filter>
    </ClInclude>
    <ClInclude Include="..\..\Source\Game\ShaderApp.h">
      <Filter>Source</Filter>
    </ClInclude>
    <ClInclude Include="..\..\Source\Game\vmath.h">
      <Filter>Source</Filter>
    </ClInclude>
  </ItemGroup>
  <ItemGroup>
    <None Include="..\..\Shaders\test.fs.glsl">
      <Filter>Shaders</Filter>
    </None>
    <None Include="..\..\Shaders\test.gs.glsl">
      <Filter>Shaders</Filter>
    </None>
    <None Include="..\..\Shaders\test.tcs.glsl">
      <Filter>Shaders</Filter>
    </None>
    <None Include="..\..\Shaders\test.tes.glsl">
      <Filter>Shaders</Filter>
    </None>
    <None Include="..\..\Shaders\test.vs.glsl">
      <Filter>Shaders</Filter>
    </None>
  </ItemGroup>
</Project>