
Microsoft Visual Studio Solution File, Format Version 12.00
# Visual Studio Express 2012 for Windows Desktop
Project("{8BC9CEB8-8B4A-11D0-8D11-00A0C91BC942}") = "Game", "Game\Game.vcxproj", "{A87A2FBD-72AC-4939-9E6D-54E100811400}"
	ProjectSection(ProjectDependencies) = postProject
		{DBE13907-7991-4B6F-9C3D-A2603F394D4A} = {DBE13907-7991-4B6F-9C3D-A2603F394D4A}
		{DBAFAD55-D842-4F09-9726-22BE047237C1} = {DBAFAD55-D842-4F09-9726-22BE047237C1}
		{EBC7E4CA-A6B5-41BA-96D2-018ACAF51F25} = {EBC7E4CA-A6B5-41BA-96D2-018ACAF51F25}
	EndProjectSection
EndProject
Project("{8BC9CEB8-8B4A-11D0-8D11-00A0C91BC942}") = "GLFW", "GLFW\GLFW.vcxproj", "{EBC7E4CA-A6B5-41BA-96D2-018ACAF51F25}"
EndProject
Project("{8BC9CEB8-8B4A-11D0-8D11-00A0C91BC942}") = "GLEW", "GLEW\GLEW.vcxproj", "{DBE13907-7991-4B6F-9C3D-A2603F394D4A}"
EndProject
Project("{8BC9CEB8-8B4A-11D0-8D11-00A0C91BC942}") = "Lua", "Lua\Lua.vcxproj", "{DBAFAD55-D842-4F09-9726-22BE047237C1}"
EndProject
Global
	GlobalSection(SolutionConfigurationPlatforms) = preSolution
		Debug|Win32 = Debug|Win32
		Release|Win32 = Release|Win32
	EndGlobalSection
	GlobalSection(ProjectConfigurationPlatforms) = postSolution
		{A87A2FBD-72AC-4939-9E6D-54E100811400}.Debug|Win32.ActiveCfg = Debug|Win32
		{A87A2FBD-72AC-4939-9E6D-54E100811400}.Debug|Win32.Build.0 = Debug|Win32
		{A87A2FBD-72AC-4939-9E6D-54E100811400}.Release|Win32.ActiveCfg = Release|Win32
		{A87A2FBD-72AC-4939-9E6D-54E100811400}.Release|Win32.Build.0 = Release|Win32
		{EBC7E4CA-A6B5-41BA-96D2-018ACAF51F25}.Debug|Win32.ActiveCfg = Debug|Win32
		{EBC7E4CA-A6B5-41BA-96D2-018ACAF51F25}.Debug|Win32.Build.0 = Debug|Win32
		{EBC7E4CA-A6B5-41BA-96D2-018ACAF51F25}.Release|Win32.ActiveCfg = Release|Win32
		{EBC7E4CA-A6B5-41BA-96D2-018ACAF51F25}.Release|Win32.Build.0 = Release|Win32
		{DBE13907-7991-4B6F-9C3D-A2603F394D4A}.Debug|Win32.ActiveCfg = Debug|Win32
		{DBE13907-7991-4B6F-9C3D-A2603F394D4A}.Debug|Win32.Build.0 = Debug|Win32
		{DBE13907-7991-4B6F-9C3D-A2603F394D4A}.Release|Win32.ActiveCfg = Release|Win32
		{DBE13907-7991-4B6F-9C3D-A2603F394D4A}.Release|Win32.Build.0 = Release|Win32
		{DBAFAD55-D842-4F09-9726-22BE047237C1}.Debug|Win32.ActiveCfg = Debug|Win32
		{DBAFAD55-D842-4F09-9726-22BE047237C1}.Debug|Win32.Build.0 = Debug|Win32
		{DBAFAD55-D842-4F09-9726-22BE047237C1}.Release|Win32.ActiveCfg = Release|Win32
		{DBAFAD55-D842-4F09-9726-22BE047237C1}.Release|Win32.Build.0 = Release|Win32
	EndGlobalSection
	GlobalSection(SolutionProperties) = preSolution
		HideSolutionNode = FALSE
	EndGlobalSection
EndGlobal
