<?xml version="1.0" encoding="utf-8"?>
<Project ToolsVersion="4.0" xmlns="http://schemas.microsoft.com/developer/msbuild/2003">
  <ItemGroup>
    <Filter Include="include">
      <UniqueIdentifier>{a9fbb509-69ce-4883-aaeb-c9266edd2417}</UniqueIdentifier>
    </Filter>
    <Filter Include="src">
      <UniqueIdentifier>{80ae8518-9ffc-4072-893e-f89256bed0f6}</UniqueIdentifier>
    </Filter>
    <Filter Include="include\GL">
      <UniqueIdentifier>{91efde67-d91b-4ecf-83c5-ccf8ffee28f7}</UniqueIdentifier>
    </Filter>
  </ItemGroup>
  <ItemGroup>
    <ClInclude Include="..\..\External\GLEW\include\GL\glew.h">
      <Filter>include\GL</Filter>
    </ClInclude>
    <ClInclude Include="..\..\External\GLEW\include\GL\glxew.h">
      <Filter>include\GL</Filter>
    </ClInclude>
    <ClInclude Include="..\..\External\GLEW\include\GL\wglew.h">
      <Filter>include\GL</Filter>
    </ClInclude>
  </ItemGroup>
  <ItemGroup>
    <ClCompile Include="..\..\External\GLEW\src\glew.c">
      <Filter>src</Filter>
    </ClCompile>
  </ItemGroup>
</Project>